
Microsoft Visual Studio Solution File, Format Version 12.00
# Visual Studio 14
VisualStudioVersion = 14.0.25123.0
MinimumVisualStudioVersion = 10.0.40219.1
Project("{2150E333-8FDC-42A3-9474-1A3956D46DE8}") = "src", "src", "{F43324C3-0536-4D32-980C-61CF426A6503}"
EndProject
Project("{2150E333-8FDC-42A3-9474-1A3956D46DE8}") = "Solution Items", "Solution Items", "{364A4CCE-0692-423F-9966-FEF93F08B7FE}"
	ProjectSection(SolutionItems) = preProject
		global.json = global.json
	EndProjectSection
EndProject
Project("{8BB2217D-0F2D-49D1-97BC-3654ED321F3B}") = "The World", "src\The World\The World.xproj", "{27C17CFE-B901-494C-A7DF-28D75E270128}"
EndProject
Global
	GlobalSection(SolutionConfigurationPlatforms) = preSolution
		Debug|Any CPU = Debug|Any CPU
		Release|Any CPU = Release|Any CPU
	EndGlobalSection
	GlobalSection(ProjectConfigurationPlatforms) = postSolution
		{27C17CFE-B901-494C-A7DF-28D75E270128}.Debug|Any CPU.ActiveCfg = Debug|Any CPU
		{27C17CFE-B901-494C-A7DF-28D75E270128}.Debug|Any CPU.Build.0 = Debug|Any CPU
		{27C17CFE-B901-494C-A7DF-28D75E270128}.Release|Any CPU.ActiveCfg = Release|Any CPU
		{27C17CFE-B901-494C-A7DF-28D75E270128}.Release|Any CPU.Build.0 = Release|Any CPU
	EndGlobalSection
	GlobalSection(SolutionProperties) = preSolution
		HideSolutionNode = FALSE
	EndGlobalSection
	GlobalSection(NestedProjects) = preSolution
		{27C17CFE-B901-494C-A7DF-28D75E270128} = {F43324C3-0536-4D32-980C-61CF426A6503}
	EndGlobalSection
EndGlobal
